
Microsoft Visual Studio Solution File, Format Version 12.00
# Visual Studio Version 17
VisualStudioVersion = 17.1.32210.238
MinimumVisualStudioVersion = 10.0.40219.1
Project("{9A19103F-16F7-4668-BE54-9A1E7A4F7556}") = "WeLearn.Api", "WeLearn.Api\WeLearn.Api.csproj", "{FD984635-6BA8-4474-B298-94701E9CA056}"
EndProject
Project("{9A19103F-16F7-4668-BE54-9A1E7A4F7556}") = "WeLearn.IdentityServer", "WeLearn.IdentityServer\WeLearn.IdentityServer.csproj", "{69C40EAD-287F-4152-AEDC-1C0CBCF9DA65}"
EndProject
Project("{FAE04EC0-301F-11D3-BF4B-00C04F79EFBC}") = "WeLearn.Auth", "WeLearn.Auth\WeLearn.Auth.csproj", "{F14484D1-885B-4CA8-BB1B-CF4183AA7F82}"
EndProject
Global
	GlobalSection(SolutionConfigurationPlatforms) = preSolution
		Debug|Any CPU = Debug|Any CPU
		Release|Any CPU = Release|Any CPU
	EndGlobalSection
	GlobalSection(ProjectConfigurationPlatforms) = postSolution
		{FD984635-6BA8-4474-B298-94701E9CA056}.Debug|Any CPU.ActiveCfg = Debug|Any CPU
		{FD984635-6BA8-4474-B298-94701E9CA056}.Debug|Any CPU.Build.0 = Debug|Any CPU
		{FD984635-6BA8-4474-B298-94701E9CA056}.Release|Any CPU.ActiveCfg = Release|Any CPU
		{FD984635-6BA8-4474-B298-94701E9CA056}.Release|Any CPU.Build.0 = Release|Any CPU
		{69C40EAD-287F-4152-AEDC-1C0CBCF9DA65}.Debug|Any CPU.ActiveCfg = Debug|Any CPU
		{69C40EAD-287F-4152-AEDC-1C0CBCF9DA65}.Debug|Any CPU.Build.0 = Debug|Any CPU
		{69C40EAD-287F-4152-AEDC-1C0CBCF9DA65}.Release|Any CPU.ActiveCfg = Release|Any CPU
		{69C40EAD-287F-4152-AEDC-1C0CBCF9DA65}.Release|Any CPU.Build.0 = Release|Any CPU
		{F14484D1-885B-4CA8-BB1B-CF4183AA7F82}.Debug|Any CPU.ActiveCfg = Debug|Any CPU
		{F14484D1-885B-4CA8-BB1B-CF4183AA7F82}.Debug|Any CPU.Build.0 = Debug|Any CPU
		{F14484D1-885B-4CA8-BB1B-CF4183AA7F82}.Release|Any CPU.ActiveCfg = Release|Any CPU
		{F14484D1-885B-4CA8-BB1B-CF4183AA7F82}.Release|Any CPU.Build.0 = Release|Any CPU
	EndGlobalSection
	GlobalSection(SolutionProperties) = preSolution
		HideSolutionNode = FALSE
	EndGlobalSection
	GlobalSection(ExtensibilityGlobals) = postSolution
		SolutionGuid = {3911F77C-EFBD-4949-B40B-6BC44D4382B0}
	EndGlobalSection
EndGlobal
