
Microsoft Visual Studio Solution File, Format Version 12.00
# Visual Studio Version 17
VisualStudioVersion = 17.1.32407.343
MinimumVisualStudioVersion = 10.0.40219.1
Project("{2150E333-8FDC-42A3-9474-1A3956D46DE8}") = "WeLearn.Api", "WeLearn.Api", "{ED8817A6-A351-4D94-B352-99E3097FFEDB}"
EndProject
Project("{9A19103F-16F7-4668-BE54-9A1E7A4F7556}") = "WeLearn.Api", "WeLearn.Api\WeLearn.Api\WeLearn.Api.csproj", "{2CB46290-6F9D-4768-9366-F64B786D4AF5}"
EndProject
Project("{2150E333-8FDC-42A3-9474-1A3956D46DE8}") = "WeLearn.Auth", "WeLearn.Auth", "{2D9F217E-0905-4855-BC1D-C29D054DD9F1}"
EndProject
Project("{9A19103F-16F7-4668-BE54-9A1E7A4F7556}") = "WeLearn.Auth", "WeLearn.Auth\WeLearn.Auth\WeLearn.Auth.csproj", "{EB54B0DF-99D4-4D37-84E5-3613CF9C9A32}"
EndProject
Project("{2150E333-8FDC-42A3-9474-1A3956D46DE8}") = "WeLearn.Data", "WeLearn.Data", "{F1F222A7-C898-47DE-80E5-B72D233515FD}"
EndProject
Project("{9A19103F-16F7-4668-BE54-9A1E7A4F7556}") = "WeLearn.Data", "WeLearn.Data\WeLearn.Data\WeLearn.Data.csproj", "{78627706-7DAE-4B45-9C53-9A97327A3ECF}"
EndProject
Project("{2150E333-8FDC-42A3-9474-1A3956D46DE8}") = "WeLearn.IdentityServer", "WeLearn.IdentityServer", "{4F8732CC-7342-4E7B-84EE-485B6FBACBFF}"
EndProject
Project("{9A19103F-16F7-4668-BE54-9A1E7A4F7556}") = "WeLearn.IdentityServer", "WeLearn.IdentityServer\WeLearn.IdentityServer\WeLearn.IdentityServer.csproj", "{E484DC8B-A910-4649-8C43-71B2E039AF16}"
EndProject
Project("{2150E333-8FDC-42A3-9474-1A3956D46DE8}") = "WeLearn.Importers", "WeLearn.Importers", "{9C48F37A-C7FE-496C-8D81-D32699D51103}"
EndProject
Project("{9A19103F-16F7-4668-BE54-9A1E7A4F7556}") = "WeLearn.Importers", "WeLearn.Importers\WeLearn.Importers.csproj", "{054981FB-32F0-4779-BB24-3866C11781EB}"
EndProject
Project("{2150E333-8FDC-42A3-9474-1A3956D46DE8}") = "WeLearn.Shared", "WeLearn.Shared", "{D9236708-07B5-4DE1-BD0E-E015E9ED89B5}"
EndProject
Project("{9A19103F-16F7-4668-BE54-9A1E7A4F7556}") = "WeLearn.Shared", "WeLearn.Shared\WeLearn.Shared\WeLearn.Shared.csproj", "{A541E63B-7EAD-4E8D-8269-A40954521AE6}"
EndProject
Project("{2150E333-8FDC-42A3-9474-1A3956D46DE8}") = "WeLearn.Shared.Tests", "WeLearn.Shared.Tests", "{343A074E-94CB-4EC7-860C-ED6376613699}"
EndProject
Project("{9A19103F-16F7-4668-BE54-9A1E7A4F7556}") = "WeLearn.Shared.Tests", "WeLearn.Shared.Tests\WeLearn.Shared.Tests\WeLearn.Shared.Tests.csproj", "{B4F8AEF2-8880-43FC-8649-27555A536F52}"
EndProject
Global
	GlobalSection(SolutionConfigurationPlatforms) = preSolution
		Debug|Any CPU = Debug|Any CPU
		Release|Any CPU = Release|Any CPU
	EndGlobalSection
	GlobalSection(ProjectConfigurationPlatforms) = postSolution
		{2CB46290-6F9D-4768-9366-F64B786D4AF5}.Debug|Any CPU.ActiveCfg = Debug|Any CPU
		{2CB46290-6F9D-4768-9366-F64B786D4AF5}.Debug|Any CPU.Build.0 = Debug|Any CPU
		{2CB46290-6F9D-4768-9366-F64B786D4AF5}.Release|Any CPU.ActiveCfg = Release|Any CPU
		{2CB46290-6F9D-4768-9366-F64B786D4AF5}.Release|Any CPU.Build.0 = Release|Any CPU
		{EB54B0DF-99D4-4D37-84E5-3613CF9C9A32}.Debug|Any CPU.ActiveCfg = Debug|Any CPU
		{EB54B0DF-99D4-4D37-84E5-3613CF9C9A32}.Debug|Any CPU.Build.0 = Debug|Any CPU
		{EB54B0DF-99D4-4D37-84E5-3613CF9C9A32}.Release|Any CPU.ActiveCfg = Release|Any CPU
		{EB54B0DF-99D4-4D37-84E5-3613CF9C9A32}.Release|Any CPU.Build.0 = Release|Any CPU
		{78627706-7DAE-4B45-9C53-9A97327A3ECF}.Debug|Any CPU.ActiveCfg = Debug|Any CPU
		{78627706-7DAE-4B45-9C53-9A97327A3ECF}.Debug|Any CPU.Build.0 = Debug|Any CPU
		{78627706-7DAE-4B45-9C53-9A97327A3ECF}.Release|Any CPU.ActiveCfg = Release|Any CPU
		{78627706-7DAE-4B45-9C53-9A97327A3ECF}.Release|Any CPU.Build.0 = Release|Any CPU
		{E484DC8B-A910-4649-8C43-71B2E039AF16}.Debug|Any CPU.ActiveCfg = Debug|Any CPU
		{E484DC8B-A910-4649-8C43-71B2E039AF16}.Debug|Any CPU.Build.0 = Debug|Any CPU
		{E484DC8B-A910-4649-8C43-71B2E039AF16}.Release|Any CPU.ActiveCfg = Release|Any CPU
		{E484DC8B-A910-4649-8C43-71B2E039AF16}.Release|Any CPU.Build.0 = Release|Any CPU
		{054981FB-32F0-4779-BB24-3866C11781EB}.Debug|Any CPU.ActiveCfg = Debug|Any CPU
		{054981FB-32F0-4779-BB24-3866C11781EB}.Debug|Any CPU.Build.0 = Debug|Any CPU
		{054981FB-32F0-4779-BB24-3866C11781EB}.Release|Any CPU.ActiveCfg = Release|Any CPU
		{054981FB-32F0-4779-BB24-3866C11781EB}.Release|Any CPU.Build.0 = Release|Any CPU
		{A541E63B-7EAD-4E8D-8269-A40954521AE6}.Debug|Any CPU.ActiveCfg = Debug|Any CPU
		{A541E63B-7EAD-4E8D-8269-A40954521AE6}.Debug|Any CPU.Build.0 = Debug|Any CPU
		{A541E63B-7EAD-4E8D-8269-A40954521AE6}.Release|Any CPU.ActiveCfg = Release|Any CPU
		{A541E63B-7EAD-4E8D-8269-A40954521AE6}.Release|Any CPU.Build.0 = Release|Any CPU
		{B4F8AEF2-8880-43FC-8649-27555A536F52}.Debug|Any CPU.ActiveCfg = Debug|Any CPU
		{B4F8AEF2-8880-43FC-8649-27555A536F52}.Debug|Any CPU.Build.0 = Debug|Any CPU
		{B4F8AEF2-8880-43FC-8649-27555A536F52}.Release|Any CPU.ActiveCfg = Release|Any CPU
		{B4F8AEF2-8880-43FC-8649-27555A536F52}.Release|Any CPU.Build.0 = Release|Any CPU
	EndGlobalSection
	GlobalSection(SolutionProperties) = preSolution
		HideSolutionNode = FALSE
	EndGlobalSection
	GlobalSection(NestedProjects) = preSolution
		{2CB46290-6F9D-4768-9366-F64B786D4AF5} = {ED8817A6-A351-4D94-B352-99E3097FFEDB}
		{EB54B0DF-99D4-4D37-84E5-3613CF9C9A32} = {2D9F217E-0905-4855-BC1D-C29D054DD9F1}
		{78627706-7DAE-4B45-9C53-9A97327A3ECF} = {F1F222A7-C898-47DE-80E5-B72D233515FD}
		{E484DC8B-A910-4649-8C43-71B2E039AF16} = {4F8732CC-7342-4E7B-84EE-485B6FBACBFF}
		{054981FB-32F0-4779-BB24-3866C11781EB} = {9C48F37A-C7FE-496C-8D81-D32699D51103}
		{A541E63B-7EAD-4E8D-8269-A40954521AE6} = {D9236708-07B5-4DE1-BD0E-E015E9ED89B5}
		{B4F8AEF2-8880-43FC-8649-27555A536F52} = {343A074E-94CB-4EC7-860C-ED6376613699}
	EndGlobalSection
	GlobalSection(ExtensibilityGlobals) = postSolution
		SolutionGuid = {AB7A68D6-E729-4F6D-96D5-07E7A9F98AAA}
	EndGlobalSection
EndGlobal
